Microsoft Visual Studio Solution File, Format Version 11.00
# Visual Studio 2008

Project("{9C6E9493-2CF7-1882-4F4C-08ED140CDD49}") = "TeamProject", "Assembly-CSharp-firstpass.csproj", "{024AB7CA-C350-1A48-AE78-9F82B514E1B9}"
EndProject
Project("{9C6E9493-2CF7-1882-4F4C-08ED140CDD49}") = "TeamProject", "Assembly-CSharp.csproj", "{CF8D1591-D435-4ECA-23B8-9AB93972C3C2}"
EndProject
Project("{9C6E9493-2CF7-1882-4F4C-08ED140CDD49}") = "TeamProject", "Assembly-CSharp-Editor-firstpass.csproj", "{483032A3-CCF5-5E57-B3BF-D8255C160BB7}"
EndProject
Global
	GlobalSection(SolutionConfigurationPlatforms) = preSolution
		Debug|Any CPU = Debug|Any CPU
		Release|Any CPU = Release|Any CPU
	EndGlobalSection
	GlobalSection(ProjectConfigurationPlatforms) = postSolution
		{024AB7CA-C350-1A48-AE78-9F82B514E1B9}.Debug|Any CPU.ActiveCfg = Debug|Any CPU
		{024AB7CA-C350-1A48-AE78-9F82B514E1B9}.Debug|Any CPU.Build.0 = Debug|Any CPU
		{024AB7CA-C350-1A48-AE78-9F82B514E1B9}.Release|Any CPU.ActiveCfg = Release|Any CPU
		{024AB7CA-C350-1A48-AE78-9F82B514E1B9}.Release|Any CPU.Build.0 = Release|Any CPU
		{CF8D1591-D435-4ECA-23B8-9AB93972C3C2}.Debug|Any CPU.ActiveCfg = Debug|Any CPU
		{CF8D1591-D435-4ECA-23B8-9AB93972C3C2}.Debug|Any CPU.Build.0 = Debug|Any CPU
		{CF8D1591-D435-4ECA-23B8-9AB93972C3C2}.Release|Any CPU.ActiveCfg = Release|Any CPU
		{CF8D1591-D435-4ECA-23B8-9AB93972C3C2}.Release|Any CPU.Build.0 = Release|Any CPU
		{483032A3-CCF5-5E57-B3BF-D8255C160BB7}.Debug|Any CPU.ActiveCfg = Debug|Any CPU
		{483032A3-CCF5-5E57-B3BF-D8255C160BB7}.Debug|Any CPU.Build.0 = Debug|Any CPU
		{483032A3-CCF5-5E57-B3BF-D8255C160BB7}.Release|Any CPU.ActiveCfg = Release|Any CPU
		{483032A3-CCF5-5E57-B3BF-D8255C160BB7}.Release|Any CPU.Build.0 = Release|Any CPU
	EndGlobalSection
	GlobalSection(SolutionProperties) = preSolution
		HideSolutionNode = FALSE
	EndGlobalSection
	GlobalSection(MonoDevelopProperties) = preSolution
		StartupItem = Assembly-CSharp.csproj
	EndGlobalSection
EndGlobal
